
Microsoft Visual Studio Solution File, Format Version 12.00
# Visual Studio 2015
Project("{FAE04EC0-301F-11D3-BF4B-00C04F79EFBC}") = "InspectorGame.CSharp", "InspectorGame.CSharp.csproj", "{3CB1274D-1626-06A0-FE1B-201422324221}"
EndProject
Global
	GlobalSection(SolutionConfigurationPlatforms) = preSolution
		Debug|Any CPU = Debug|Any CPU
		Release|Any CPU = Release|Any CPU
	EndGlobalSection
	GlobalSection(ProjectConfigurationPlatforms) = postSolution
		{3CB1274D-1626-06A0-FE1B-201422324221}.Debug|Any CPU.ActiveCfg = Debug|Any CPU
		{3CB1274D-1626-06A0-FE1B-201422324221}.Debug|Any CPU.Build.0 = Debug|Any CPU
		{3CB1274D-1626-06A0-FE1B-201422324221}.Release|Any CPU.ActiveCfg = Release|Any CPU
		{3CB1274D-1626-06A0-FE1B-201422324221}.Release|Any CPU.Build.0 = Release|Any CPU
	EndGlobalSection
	GlobalSection(SolutionProperties) = preSolution
		HideSolutionNode = FALSE
	EndGlobalSection
EndGlobal
