
Microsoft Visual Studio Solution File, Format Version 12.00
# Visual Studio for Mac
Project("{FAE04EC0-301F-11D3-BF4B-00C04F79EFBC}") = "InspectorGame", "Assembly-CSharp.csproj", "{04A9132A-8CC3-87CD-EA6E-6214C1F2632B}"
EndProject
Global
	GlobalSection(SolutionConfigurationPlatforms) = preSolution
		Debug|Any CPU = Debug|Any CPU
		Release|Any CPU = Release|Any CPU
	EndGlobalSection
	GlobalSection(ProjectConfigurationPlatforms) = postSolution
		{04A9132A-8CC3-87CD-EA6E-6214C1F2632B}.Debug|Any CPU.ActiveCfg = Debug|Any CPU
		{04A9132A-8CC3-87CD-EA6E-6214C1F2632B}.Debug|Any CPU.Build.0 = Debug|Any CPU
		{04A9132A-8CC3-87CD-EA6E-6214C1F2632B}.Release|Any CPU.ActiveCfg = Release|Any CPU
		{04A9132A-8CC3-87CD-EA6E-6214C1F2632B}.Release|Any CPU.Build.0 = Release|Any CPU
	EndGlobalSection
	GlobalSection(SolutionProperties) = preSolution
		HideSolutionNode = FALSE
	EndGlobalSection
EndGlobal
